{
  "name": "@arpon007/decision",
  "version": "0.1.2",
  "lockfileVersion": 3,
  "requires": true,
  "packages": {
    "": {
      "name": "@arpon007/decision",
      "version": "0.1.2",
      "hasInstallScript": true,
      "license": "MIT",
      "dependencies": {
        "@arpon007/decision": "^0.1.2"
      },
      "bin": {
        "decision": "bin/decision.js"
      },
      "engines": {
        "node": ">=18"
      }
    },
    "node_modules/@arpon007/decision": {
      "version": "0.1.2",
      "resolved": "https://registry.npmjs.org/@arpon007/decision/-/decision-0.1.2.tgz",
      "integrity": "sha512-u4ZYGbHO49xWy0DCNpKacWzLm/4LvjUIkKX1gf8YXMsPJt3gshYkwGIMQ5cyWAQK2w87XLY+AAeTHu8BopKEtw==",
      "hasInstallScript": true,
      "license": "MIT",
      "bin": {
        "decision": "bin/decision.js"
      },
      "engines": {
        "node": ">=18"
      }
    }
  }
}
